{
    "name": "ganwei-vite-cli",
    "version": "0.0.1",
    "lockfileVersion": 3,
    "requires": true,
    "packages": {
        "": {
            "name": "ganwei-vite-cli",
            "version": "0.0.1",
            "hasInstallScript": true,
            "dependencies": {
                "gw-base-api-plus": "6.1",
                "gw-base-components-plus": "6.1",
                "gw-base-style-plus": "6.1",
                "gw-base-utils-plus": "6.1",
                "prompts": "^2.4.2"
            },
            "optionalDependencies": {
                "gw-base-api-plus": "6.1",
                "gw-base-components-plus": "6.1",
                "gw-base-style-plus": "6.1",
                "gw-base-utils-plus": "6.1",
                "gw-module-version": "^1.0.1"
            }
        },
        "node_modules/gw-base-api-plus": {
            "version": "6.1.1",
            "resolved": "http://139.9.43.67:8081/repository/npm-hosted/gw-base-api-plus/-/gw-base-api-plus-6.1.1.tgz",
            "integrity": "sha512-oe57BruoS7y5XzYcedbj+Vflwn/AUcigymJs9wc+r1UOyvSFVmOYHamyhXb2//s0siq/tHsgseAvYqng/894Wg==",
            "license": "ISC",
            "optional": true
        },
        "node_modules/gw-base-components-plus": {
            "version": "6.1.2",
            "resolved": "http://139.9.43.67:8081/repository/npm-hosted/gw-base-components-plus/-/gw-base-components-plus-6.1.2.tgz",
            "integrity": "sha512-M5fpS8zyufDXvmpCFD2MAHwGusOXEaqqWvngxU3SJrzHqAh0vhDDpKGi3we7x08ACvswua2ADvmcFYQj4MLOxw==",
            "license": "ISC",
            "optional": true
        },
        "node_modules/gw-base-style-plus": {
            "version": "6.1.3",
            "resolved": "http://139.9.43.67:8081/repository/npm-hosted/gw-base-style-plus/-/gw-base-style-plus-6.1.3.tgz",
            "integrity": "sha512-pj0Z9ByhAQZucSEKeK4hSdipvW4w5SV+aaQmhk5Y7JC+Kn3Unu5DttvxcJV87SuSGCy/FOmIpgYe0FeviVz0Kg==",
            "license": "ISC",
            "optional": true
        },
        "node_modules/gw-base-utils-plus": {
            "version": "6.1.7",
            "resolved": "http://139.9.43.67:8081/repository/npm-hosted/gw-base-utils-plus/-/gw-base-utils-plus-6.1.7.tgz",
            "integrity": "sha512-hVKhEQG0/bYQRO1eHepCVmIizsDXSu2Cll+dWEkozI3LLb1Y+RMuDBSaJ9wNtC+qNezAJQZZZMik5tC87LAs/Q==",
            "license": "ISC",
            "optional": true
        },
        "node_modules/gw-module-version": {
            "version": "1.0.1",
            "resolved": "http://139.9.43.67:8081/repository/npm-hosted/gw-module-version/-/gw-module-version-1.0.1.tgz",
            "integrity": "sha512-0IRJ56CpBlEKVqIbkgzFzwzu0kbK4QdVNNA9dulrWvk+1fmv7H6W9g+4NtcFqTAbVRn/+WirfU41cXIBQ5digA==",
            "license": "ISC",
            "optional": true
        },
        "node_modules/kleur": {
            "version": "3.0.3",
            "resolved": "https://mirrors.cloud.tencent.com/npm/kleur/-/kleur-3.0.3.tgz",
            "integrity": "sha512-eTIzlVOSUR+JxdDFepEYcBMtZ9Qqdef+rnzWdRZuMbOywu5tO2w2N7rqjoANZ5k9vywhL6Br1VRjUIgTQx4E8w==",
            "engines": {
                "node": ">=6"
            }
        },
        "node_modules/prompts": {
            "version": "2.4.2",
            "resolved": "https://mirrors.cloud.tencent.com/npm/prompts/-/prompts-2.4.2.tgz",
            "integrity": "sha512-NxNv/kLguCA7p3jE8oL2aEBsrJWgAakBpgmgK6lpPWV+WuOmY6r2/zbAVnP+T8bQlA0nzHXSJSJW0Hq7ylaD2Q==",
            "dependencies": {
                "kleur": "^3.0.3",
                "sisteransi": "^1.0.5"
            },
            "engines": {
                "node": ">= 6"
            }
        },
        "node_modules/sisteransi": {
            "version": "1.0.5",
            "resolved": "https://mirrors.cloud.tencent.com/npm/sisteransi/-/sisteransi-1.0.5.tgz",
            "integrity": "sha512-bLGGlR1QxBcynn2d5YmDX4MGjlZvy2MRBDRNHLJ8VI6l6+9FUiyTFNJ0IveOSP0bcXgVDPRcfGqA0pjaqUpfVg=="
        }
    }
}
